// !$*UTF8*$!
{
	archiveVersion = 1;
	classes = {
	};
	objectVersion = 46;
	objects = {

/* Begin PBXBuildFile section */
		B9011DC21DEB42B80090BDC8 /* JBfinal.png in Resources */ = {isa = PBXBuildFile; fileRef = B9011DC11DEB42B80090BDC8 /* JBfinal.png */; };
		B9011DC41DEB42C50090BDC8 /* SNAP2.jpg in Resources */ = {isa = PBXBuildFile; fileRef = B9011DC31DEB42C50090BDC8 /* SNAP2.jpg */; };
		B91FF77A1DE1F3A7004E4110 /* AppDelegate.swift in Sources */ = {isa = PBXBuildFile; fileRef = B91FF7791DE1F3A7004E4110 /* AppDelegate.swift */; };
		B91FF77C1DE1F3A7004E4110 /* ViewController.swift in Sources */ = {isa = PBXBuildFile; fileRef = B91FF77B1DE1F3A7004E4110 /* ViewController.swift */; };
		B91FF77F1DE1F3A7004E4110 /* Main.storyboard in Resources */ = {isa = PBXBuildFile; fileRef = B91FF77D1DE1F3A7004E4110 /* Main.storyboard */; };
		B91FF7811DE1F3A7004E4110 /* Assets.xcassets in Resources */ = {isa = PBXBuildFile; fileRef = B91FF7801DE1F3A7004E4110 /* Assets.xcassets */; };
		B91FF7841DE1F3A7004E4110 /* LaunchScreen.storyboard in Resources */ = {isa = PBXBuildFile; fileRef = B91FF7821DE1F3A7004E4110 /* LaunchScreen.storyboard */; };
		B91FF78F1DE1F3A7004E4110 /* soundbuttonTests.swift in Sources */ = {isa = PBXBuildFile; fileRef = B91FF78E1DE1F3A7004E4110 /* soundbuttonTests.swift */; };
		B91FF79A1DE1F3A7004E4110 /* soundbuttonUITests.swift in Sources */ = {isa = PBXBuildFile; fileRef = B91FF7991DE1F3A7004E4110 /* soundbuttonUITests.swift */; };
		B91FF7A81DE1F3DD004E4110 /* AudioToolbox.framework in Frameworks */ = {isa = PBXBuildFile; fileRef = B91FF7A71DE1F3DD004E4110 /* AudioToolbox.framework */; };
		B91FF7AB1DE1F76A004E4110 /* george.mp3 in Resources */ = {isa = PBXBuildFile; fileRef = B91FF7AA1DE1F76A004E4110 /* george.mp3 */; };
		B9A8F0971DEB33CA00B591A5 /* 5d8008a497f690dfdb954ac734f2b800.jpg in Resources */ = {isa = PBXBuildFile; fileRef = B9A8F0931DEB33CA00B591A5 /* 5d8008a497f690dfdb954ac734f2b800.jpg */; };
		B9A8F09C1DEB363E00B591A5 /* mchammer.png in Resources */ = {isa = PBXBuildFile; fileRef = B9A8F09B1DEB363E00B591A5 /* mchammer.png */; };
/* End PBXBuildFile section */

/* Begin PBXContainerItemProxy section */
		B91FF78B1DE1F3A7004E4110 /* PBXContainerItemProxy */ = {
			isa = PBXContainerItemProxy;
			containerPortal = B91FF76E1DE1F3A7004E4110 /* Project object */;
			proxyType = 1;
			remoteGlobalIDString = B91FF7751DE1F3A7004E4110;
			remoteInfo = soundbutton;
		};
		B91FF7961DE1F3A7004E4110 /* PBXContainerItemProxy */ = {
			isa = PBXContainerItemProxy;
			containerPortal = B91FF76E1DE1F3A7004E4110 /* Project object */;
			proxyType = 1;
			remoteGlobalIDString = B91FF7751DE1F3A7004E4110;
			remoteInfo = soundbutton;
		};
/* End PBXContainerItemProxy section */

/* Begin PBXFileReference section */
		B9011DC11DEB42B80090BDC8 /* JBfinal.png */ = {isa = PBXFileReference; lastKnownFileType = image.png; path = JBfinal.png; sourceTree = "<group>"; };
		B9011DC31DEB42C50090BDC8 /* SNAP2.jpg */ = {isa = PBXFileReference; lastKnownFileType = image.jpeg; path = SNAP2.jpg; sourceTree = "<group>"; };
		B91FF7761DE1F3A7004E4110 /* soundbutton.app */ = {isa = PBXFileReference; explicitFileType = wrapper.application; includeInIndex = 0; path = soundbutton.app; sourceTree = BUILT_PRODUCTS_DIR; };
		B91FF7791DE1F3A7004E4110 /* AppDelegate.swift */ = {isa = PBXFileReference; lastKnownFileType = sourcecode.swift; path = AppDelegate.swift; sourceTree = "<group>"; };
		B91FF77B1DE1F3A7004E4110 /* ViewController.swift */ = {isa = PBXFileReference; lastKnownFileType = sourcecode.swift; path = ViewController.swift; sourceTree = "<group>"; };
		B91FF77E1DE1F3A7004E4110 /* Base */ = {isa = PBXFileReference; lastKnownFileType = file.storyboard; name = Base; path = Base.lproj/Main.storyboard; sourceTree = "<group>"; };
		B91FF7801DE1F3A7004E4110 /* Assets.xcassets */ = {isa = PBXFileReference; lastKnownFileType = folder.assetcatalog; path = Assets.xcassets; sourceTree = "<group>"; };
		B91FF7831DE1F3A7004E4110 /* Base */ = {isa = PBXFileReference; lastKnownFileType = file.storyboard; name = Base; path = Base.lproj/LaunchScreen.storyboard; sourceTree = "<group>"; };
		B91FF7851DE1F3A7004E4110 /* Info.plist */ = {isa = PBXFileReference; lastKnownFileType = text.plist.xml; path = Info.plist; sourceTree = "<group>"; };
		B91FF78A1DE1F3A7004E4110 /* soundbuttonTests.xctest */ = {isa = PBXFileReference; explicitFileType = wrapper.cfbundle; includeInIndex = 0; path = soundbuttonTests.xctest; sourceTree = BUILT_PRODUCTS_DIR; };
		B91FF78E1DE1F3A7004E4110 /* soundbuttonTests.swift */ = {isa = PBXFileReference; lastKnownFileType = sourcecode.swift; path = soundbuttonTests.swift; sourceTree = "<group>"; };
		B91FF7901DE1F3A7004E4110 /* Info.plist */ = {isa = PBXFileReference; lastKnownFileType = text.plist.xml; path = Info.plist; sourceTree = "<group>"; };
		B91FF7951DE1F3A7004E4110 /* soundbuttonUITests.xctest */ = {isa = PBXFileReference; explicitFileType = wrapper.cfbundle; includeInIndex = 0; path = soundbuttonUITests.xctest; sourceTree = BUILT_PRODUCTS_DIR; };
		B91FF7991DE1F3A7004E4110 /* soundbuttonUITests.swift */ = {isa = PBXFileReference; lastKnownFileType = sourcecode.swift; path = soundbuttonUITests.swift; sourceTree = "<group>"; };
		B91FF79B1DE1F3A7004E4110 /* Info.plist */ = {isa = PBXFileReference; lastKnownFileType = text.plist.xml; path = Info.plist; sourceTree = "<group>"; };
		B91FF7A71DE1F3DD004E4110 /* AudioToolbox.framework */ = {isa = PBXFileReference; lastKnownFileType = wrapper.framework; name = AudioToolbox.framework; path = System/Library/Frameworks/AudioToolbox.framework; sourceTree = SDKROOT; };
		B91FF7AA1DE1F76A004E4110 /* george.mp3 */ = {isa = PBXFileReference; lastKnownFileType = audio.mp3; path = george.mp3; sourceTree = "<group>"; };
		B9A8F0931DEB33CA00B591A5 /* 5d8008a497f690dfdb954ac734f2b800.jpg */ = {isa = PBXFileReference; lastKnownFileType = image.jpeg; path = 5d8008a497f690dfdb954ac734f2b800.jpg; sourceTree = "<group>"; };
		B9A8F09B1DEB363E00B591A5 /* mchammer.png */ = {isa = PBXFileReference; lastKnownFileType = image.png; path = mchammer.png; sourceTree = "<group>"; };
/* End PBXFileReference section */

/* Begin PBXFrameworksBuildPhase section */
		B91FF7731DE1F3A7004E4110 /* Frameworks */ = {
			isa = PBXFrameworksBuildPhase;
			buildActionMask = 2147483647;
			files = (
				B91FF7A81DE1F3DD004E4110 /* AudioToolbox.framework in Frameworks */,
			);
			runOnlyForDeploymentPostprocessing = 0;
		};
		B91FF7871DE1F3A7004E4110 /* Frameworks */ = {
			isa = PBXFrameworksBuildPhase;
			buildActionMask = 2147483647;
			files = (
			);
			runOnlyForDeploymentPostprocessing = 0;
		};
		B91FF7921DE1F3A7004E4110 /* Frameworks */ = {
			isa = PBXFrameworksBuildPhase;
			buildActionMask = 2147483647;
			files = (
			);
			runOnlyForDeploymentPostprocessing = 0;
		};
/* End PBXFrameworksBuildPhase section */

/* Begin PBXGroup section */
		B91FF76D1DE1F3A7004E4110 = {
			isa = PBXGroup;
			children = (
				B91FF7A71DE1F3DD004E4110 /* AudioToolbox.framework */,
				B91FF7781DE1F3A7004E4110 /* george */,
				B91FF78D1DE1F3A7004E4110 /* soundbuttonTests */,
				B91FF7981DE1F3A7004E4110 /* soundbuttonUITests */,
				B91FF7771DE1F3A7004E4110 /* Products */,
			);
			sourceTree = "<group>";
		};
		B91FF7771DE1F3A7004E4110 /* Products */ = {
			isa = PBXGroup;
			children = (
				B91FF7761DE1F3A7004E4110 /* soundbutton.app */,
				B91FF78A1DE1F3A7004E4110 /* soundbuttonTests.xctest */,
				B91FF7951DE1F3A7004E4110 /* soundbuttonUITests.xctest */,
			);
			name = Products;
			sourceTree = "<group>";
		};
		B91FF7781DE1F3A7004E4110 /* george */ = {
			isa = PBXGroup;
			children = (
				B9A8F0921DEB2BAF00B591A5 /* images */,
				B91FF7A91DE1F73F004E4110 /* sounds */,
				B91FF7791DE1F3A7004E4110 /* AppDelegate.swift */,
				B91FF77B1DE1F3A7004E4110 /* ViewController.swift */,
				B91FF77D1DE1F3A7004E4110 /* Main.storyboard */,
				B91FF7801DE1F3A7004E4110 /* Assets.xcassets */,
				B91FF7821DE1F3A7004E4110 /* LaunchScreen.storyboard */,
				B91FF7851DE1F3A7004E4110 /* Info.plist */,
			);
			name = george;
			path = soundbutton;
			sourceTree = "<group>";
		};
		B91FF78D1DE1F3A7004E4110 /* soundbuttonTests */ = {
			isa = PBXGroup;
			children = (
				B91FF78E1DE1F3A7004E4110 /* soundbuttonTests.swift */,
				B91FF7901DE1F3A7004E4110 /* Info.plist */,
			);
			path = soundbuttonTests;
			sourceTree = "<group>";
		};
		B91FF7981DE1F3A7004E4110 /* soundbuttonUITests */ = {
			isa = PBXGroup;
			children = (
				B91FF7991DE1F3A7004E4110 /* soundbuttonUITests.swift */,
				B91FF79B1DE1F3A7004E4110 /* Info.plist */,
			);
			path = soundbuttonUITests;
			sourceTree = "<group>";
		};
		B91FF7A91DE1F73F004E4110 /* sounds */ = {
			isa = PBXGroup;
			children = (
				B91FF7AA1DE1F76A004E4110 /* george.mp3 */,
			);
			name = sounds;
			sourceTree = "<group>";
		};
		B9A8F0921DEB2BAF00B591A5 /* images */ = {
			isa = PBXGroup;
			children = (
				B9011DC31DEB42C50090BDC8 /* SNAP2.jpg */,
				B9011DC11DEB42B80090BDC8 /* JBfinal.png */,
				B9A8F09B1DEB363E00B591A5 /* mchammer.png */,
				B9A8F0931DEB33CA00B591A5 /* 5d8008a497f690dfdb954ac734f2b800.jpg */,
			);
			name = images;
			sourceTree = "<group>";
		};
/* End PBXGroup section */

/* Begin PBXNativeTarget section */
		B91FF7751DE1F3A7004E4110 /* soundbutton */ = {
			isa = PBXNativeTarget;
			buildConfigurationList = B91FF79E1DE1F3A7004E4110 /* Build configuration list for PBXNativeTarget "soundbutton" */;
			buildPhases = (
				B91FF7721DE1F3A7004E4110 /* Sources */,
				B91FF7731DE1F3A7004E4110 /* Frameworks */,
				B91FF7741DE1F3A7004E4110 /* Resources */,
			);
			buildRules = (
			);
			dependencies = (
			);
			name = soundbutton;
			productName = soundbutton;
			productReference = B91FF7761DE1F3A7004E4110 /* soundbutton.app */;
			productType = "com.apple.product-type.application";
		};
		B91FF7891DE1F3A7004E4110 /* soundbuttonTests */ = {
			isa = PBXNativeTarget;
			buildConfigurationList = B91FF7A11DE1F3A7004E4110 /* Build configuration list for PBXNativeTarget "soundbuttonTests" */;
			buildPhases = (
				B91FF7861DE1F3A7004E4110 /* Sources */,
				B91FF7871DE1F3A7004E4110 /* Frameworks */,
				B91FF7881DE1F3A7004E4110 /* Resources */,
			);
			buildRules = (
			);
			dependencies = (
				B91FF78C1DE1F3A7004E4110 /* PBXTargetDependency */,
			);
			name = soundbuttonTests;
			productName = soundbuttonTests;
			productReference = B91FF78A1DE1F3A7004E4110 /* soundbuttonTests.xctest */;
			productType = "com.apple.product-type.bundle.unit-test";
		};
		B91FF7941DE1F3A7004E4110 /* soundbuttonUITests */ = {
			isa = PBXNativeTarget;
			buildConfigurationList = B91FF7A41DE1F3A7004E4110 /* Build configuration list for PBXNativeTarget "soundbuttonUITests" */;
			buildPhases = (
				B91FF7911DE1F3A7004E4110 /* Sources */,
				B91FF7921DE1F3A7004E4110 /* Frameworks */,
				B91FF7931DE1F3A7004E4110 /* Resources */,
			);
			buildRules = (
			);
			dependencies = (
				B91FF7971DE1F3A7004E4110 /* PBXTargetDependency */,
			);
			name = soundbuttonUITests;
			productName = soundbuttonUITests;
			productReference = B91FF7951DE1F3A7004E4110 /* soundbuttonUITests.xctest */;
			productType = "com.apple.product-type.bundle.ui-testing";
		};
/* End PBXNativeTarget section */

/* Begin PBXProject section */
		B91FF76E1DE1F3A7004E4110 /* Project object */ = {
			isa = PBXProject;
			attributes = {
				LastSwiftUpdateCheck = 0720;
				LastUpgradeCheck = 0810;
				ORGANIZATIONNAME = ValerioRossetti;
				TargetAttributes = {
					B91FF7751DE1F3A7004E4110 = {
						CreatedOnToolsVersion = 7.2.1;
						DevelopmentTeam = LPUD7WT43H;
						LastSwiftMigration = 0810;
					};
					B91FF7891DE1F3A7004E4110 = {
						CreatedOnToolsVersion = 7.2.1;
						LastSwiftMigration = 0810;
						TestTargetID = B91FF7751DE1F3A7004E4110;
					};
					B91FF7941DE1F3A7004E4110 = {
						CreatedOnToolsVersion = 7.2.1;
						LastSwiftMigration = 0810;
						TestTargetID = B91FF7751DE1F3A7004E4110;
					};
				};
			};
			buildConfigurationList = B91FF7711DE1F3A7004E4110 /* Build configuration list for PBXProject "soundbutton" */;
			compatibilityVersion = "Xcode 3.2";
			developmentRegion = English;
			hasScannedForEncodings = 0;
			knownRegions = (
				en,
				Base,
			);
			mainGroup = B91FF76D1DE1F3A7004E4110;
			productRefGroup = B91FF7771DE1F3A7004E4110 /* Products */;
			projectDirPath = "";
			projectRoot = "";
			targets = (
				B91FF7751DE1F3A7004E4110 /* soundbutton */,
				B91FF7891DE1F3A7004E4110 /* soundbuttonTests */,
				B91FF7941DE1F3A7004E4110 /* soundbuttonUITests */,
			);
		};
/* End PBXProject section */

/* Begin PBXResourcesBuildPhase section */
		B91FF7741DE1F3A7004E4110 /* Resources */ = {
			isa = PBXResourcesBuildPhase;
			buildActionMask = 2147483647;
			files = (
				B9A8F0971DEB33CA00B591A5 /* 5d8008a497f690dfdb954ac734f2b800.jpg in Resources */,
				B9A8F09C1DEB363E00B591A5 /* mchammer.png in Resources */,
				B91FF7841DE1F3A7004E4110 /* LaunchScreen.storyboard in Resources */,
				B91FF7811DE1F3A7004E4110 /* Assets.xcassets in Resources */,
				B9011DC41DEB42C50090BDC8 /* SNAP2.jpg in Resources */,
				B9011DC21DEB42B80090BDC8 /* JBfinal.png in Resources */,
				B91FF77F1DE1F3A7004E4110 /* Main.storyboard in Resources */,
				B91FF7AB1DE1F76A004E4110 /* george.mp3 in Resources */,
			);
			runOnlyForDeploymentPostprocessing = 0;
		};
		B91FF7881DE1F3A7004E4110 /* Resources */ = {
			isa = PBXResourcesBuildPhase;
			buildActionMask = 2147483647;
			files = (
			);
			runOnlyForDeploymentPostprocessing = 0;
		};
		B91FF7931DE1F3A7004E4110 /* Resources */ = {
			isa = PBXResourcesBuildPhase;
			buildActionMask = 2147483647;
			files = (
			);
			runOnlyForDeploymentPostprocessing = 0;
		};
/* End PBXResourcesBuildPhase section */

/* Begin PBXSourcesBuildPhase section */
		B91FF7721DE1F3A7004E4110 /* Sources */ = {
			isa = PBXSourcesBuildPhase;
			buildActionMask = 2147483647;
			files = (
				B91FF77C1DE1F3A7004E4110 /* ViewController.swift in Sources */,
				B91FF77A1DE1F3A7004E4110 /* AppDelegate.swift in Sources */,
			);
			runOnlyForDeploymentPostprocessing = 0;
		};
		B91FF7861DE1F3A7004E4110 /* Sources */ = {
			isa = PBXSourcesBuildPhase;
			buildActionMask = 2147483647;
			files = (
				B91FF78F1DE1F3A7004E4110 /* soundbuttonTests.swift in Sources */,
			);
			runOnlyForDeploymentPostprocessing = 0;
		};
		B91FF7911DE1F3A7004E4110 /* Sources */ = {
			isa = PBXSourcesBuildPhase;
			buildActionMask = 2147483647;
			files = (
				B91FF79A1DE1F3A7004E4110 /* soundbuttonUITests.swift in Sources */,
			);
			runOnlyForDeploymentPostprocessing = 0;
		};
/* End PBXSourcesBuildPhase section */

/* Begin PBXTargetDependency section */
		B91FF78C1DE1F3A7004E4110 /* PBXTargetDependency */ = {
			isa = PBXTargetDependency;
			target = B91FF7751DE1F3A7004E4110 /* soundbutton */;
			targetProxy = B91FF78B1DE1F3A7004E4110 /* PBXContainerItemProxy */;
		};
		B91FF7971DE1F3A7004E4110 /* PBXTargetDependency */ = {
			isa = PBXTargetDependency;
			target = B91FF7751DE1F3A7004E4110 /* soundbutton */;
			targetProxy = B91FF7961DE1F3A7004E4110 /* PBXContainerItemProxy */;
		};
/* End PBXTargetDependency section */

/* Begin PBXVariantGroup section */
		B91FF77D1DE1F3A7004E4110 /* Main.storyboard */ = {
			isa = PBXVariantGroup;
			children = (
				B91FF77E1DE1F3A7004E4110 /* Base */,
			);
			name = Main.storyboard;
			sourceTree = "<group>";
		};
		B91FF7821DE1F3A7004E4110 /* LaunchScreen.storyboard */ = {
			isa = PBXVariantGroup;
			children = (
				B91FF7831DE1F3A7004E4110 /* Base */,
			);
			name = LaunchScreen.storyboard;
			sourceTree = "<group>";
		};
/* End PBXVariantGroup section */

/* Begin XCBuildConfiguration section */
		B91FF79C1DE1F3A7004E4110 /* Debug */ = {
			isa = XCBuildConfiguration;
			buildSettings = {
				ALWAYS_SEARCH_USER_PATHS = NO;
				CLANG_CXX_LANGUAGE_STANDARD = "gnu++0x";
				CLANG_CXX_LIBRARY = "libc++";
				CLANG_ENABLE_MODULES = YES;
				CLANG_ENABLE_OBJC_ARC = YES;
				CLANG_WARN_BOOL_CONVERSION = YES;
				CLANG_WARN_CONSTANT_CONVERSION = YES;
				CLANG_WARN_DIRECT_OBJC_ISA_USAGE = YES_ERROR;
				CLANG_WARN_EMPTY_BODY = YES;
				CLANG_WARN_ENUM_CONVERSION = YES;
				CLANG_WARN_INFINITE_RECURSION = YES;
				CLANG_WARN_INT_CONVERSION = YES;
				CLANG_WARN_OBJC_ROOT_CLASS = YES_ERROR;
				CLANG_WARN_SUSPICIOUS_MOVE = YES;
				CLANG_WARN_UNREACHABLE_CODE = YES;
				CLANG_WARN__DUPLICATE_METHOD_MATCH = YES;
				"CODE_SIGN_IDENTITY[sdk=iphoneos*]" = "iPhone Developer";
				COPY_PHASE_STRIP = NO;
				DEBUG_INFORMATION_FORMAT = dwarf;
				ENABLE_STRICT_OBJC_MSGSEND = YES;
				ENABLE_TESTABILITY = YES;
				GCC_C_LANGUAGE_STANDARD = gnu99;
				GCC_DYNAMIC_NO_PIC = NO;
				GCC_NO_COMMON_BLOCKS = YES;
				GCC_OPTIMIZATION_LEVEL = 0;
				GCC_PREPROCESSOR_DEFINITIONS = (
					"DEBUG=1",
					"$(inherited)",
				);
				GCC_WARN_64_TO_32_BIT_CONVERSION = YES;
				GCC_WARN_ABOUT_RETURN_TYPE = YES_ERROR;
				GCC_WARN_UNDECLARED_SELECTOR = YES;
				GCC_WARN_UNINITIALIZED_AUTOS = YES_AGGRESSIVE;
				GCC_WARN_UNUSED_FUNCTION = YES;
				GCC_WARN_UNUSED_VARIABLE = YES;
				IPHONEOS_DEPLOYMENT_TARGET = 10.1;
				MTL_ENABLE_DEBUG_INFO = YES;
				ONLY_ACTIVE_ARCH = YES;
				SDKROOT = iphoneos;
				SWIFT_OPTIMIZATION_LEVEL = "-Onone";
			};
			name = Debug;
		};
		B91FF79D1DE1F3A7004E4110 /* Release */ = {
			isa = XCBuildConfiguration;
			buildSettings = {
				ALWAYS_SEARCH_USER_PATHS = NO;
				CLANG_CXX_LANGUAGE_STANDARD = "gnu++0x";
				CLANG_CXX_LIBRARY = "libc++";
				CLANG_ENABLE_MODULES = YES;
				CLANG_ENABLE_OBJC_ARC = YES;
				CLANG_WARN_BOOL_CONVERSION = YES;
				CLANG_WARN_CONSTANT_CONVERSION = YES;
				CLANG_WARN_DIRECT_OBJC_ISA_USAGE = YES_ERROR;
				CLANG_WARN_EMPTY_BODY = YES;
				CLANG_WARN_ENUM_CONVERSION = YES;
				CLANG_WARN_INFINITE_RECURSION = YES;
				CLANG_WARN_INT_CONVERSION = YES;
				CLANG_WARN_OBJC_ROOT_CLASS = YES_ERROR;
				CLANG_WARN_SUSPICIOUS_MOVE = YES;
				CLANG_WARN_UNREACHABLE_CODE = YES;
				CLANG_WARN__DUPLICATE_METHOD_MATCH = YES;
				"CODE_SIGN_IDENTITY[sdk=iphoneos*]" = "iPhone Developer";
				COPY_PHASE_STRIP = NO;
				DEBUG_INFORMATION_FORMAT = "dwarf-with-dsym";
				ENABLE_NS_ASSERTIONS = NO;
				ENABLE_STRICT_OBJC_MSGSEND = YES;
				GCC_C_LANGUAGE_STANDARD = gnu99;
				GCC_NO_COMMON_BLOCKS = YES;
				GCC_WARN_64_TO_32_BIT_CONVERSION = YES;
				GCC_WARN_ABOUT_RETURN_TYPE = YES_ERROR;
				GCC_WARN_UNDECLARED_SELECTOR = YES;
				GCC_WARN_UNINITIALIZED_AUTOS = YES_AGGRESSIVE;
				GCC_WARN_UNUSED_FUNCTION = YES;
				GCC_WARN_UNUSED_VARIABLE = YES;
				IPHONEOS_DEPLOYMENT_TARGET = 10.1;
				MTL_ENABLE_DEBUG_INFO = NO;
				SDKROOT = iphoneos;
				SWIFT_OPTIMIZATION_LEVEL = "-Owholemodule";
				VALIDATE_PRODUCT = YES;
			};
			name = Release;
		};
		B91FF79F1DE1F3A7004E4110 /* Debug */ = {
			isa = XCBuildConfiguration;
			buildSettings = {
				ASSETCATALOG_COMPILER_APPICON_NAME = AppIcon;
				CODE_SIGN_IDENTITY = "iPhone Developer";
				DEVELOPMENT_TEAM = LPUD7WT43H;
				INFOPLIST_FILE = soundbutton/Info.plist;
				IPHONEOS_DEPLOYMENT_TARGET = 9.2;
				LD_RUNPATH_SEARCH_PATHS = "$(inherited) @executable_path/Frameworks";
				PRODUCT_BUNDLE_IDENTIFIER = Peter.appera;
				PRODUCT_NAME = "$(TARGET_NAME)";
				SWIFT_VERSION = 3.0;
				TARGETED_DEVICE_FAMILY = 1;
			};
			name = Debug;
		};
		B91FF7A01DE1F3A7004E4110 /* Release */ = {
			isa = XCBuildConfiguration;
			buildSettings = {
				ASSETCATALOG_COMPILER_APPICON_NAME = AppIcon;
				CODE_SIGN_IDENTITY = "iPhone Developer";
				DEVELOPMENT_TEAM = LPUD7WT43H;
				INFOPLIST_FILE = soundbutton/Info.plist;
				IPHONEOS_DEPLOYMENT_TARGET = 9.2;
				LD_RUNPATH_SEARCH_PATHS = "$(inherited) @executable_path/Frameworks";
				PRODUCT_BUNDLE_IDENTIFIER = Peter.appera;
				PRODUCT_NAME = "$(TARGET_NAME)";
				SWIFT_VERSION = 3.0;
				TARGETED_DEVICE_FAMILY = 1;
			};
			name = Release;
		};
		B91FF7A21DE1F3A7004E4110 /* Debug */ = {
			isa = XCBuildConfiguration;
			buildSettings = {
				BUNDLE_LOADER = "$(TEST_HOST)";
				INFOPLIST_FILE = soundbuttonTests/Info.plist;
				LD_RUNPATH_SEARCH_PATHS = "$(inherited) @executable_path/Frameworks @loader_path/Frameworks";
				PRODUCT_BUNDLE_IDENTIFIER = appera.soundbuttonTests;
				PRODUCT_NAME = "$(TARGET_NAME)";
				SWIFT_VERSION = 3.0;
				TEST_HOST = "$(BUILT_PRODUCTS_DIR)/soundbutton.app/soundbutton";
			};
			name = Debug;
		};
		B91FF7A31DE1F3A7004E4110 /* Release */ = {
			isa = XCBuildConfiguration;
			buildSettings = {
				BUNDLE_LOADER = "$(TEST_HOST)";
				INFOPLIST_FILE = soundbuttonTests/Info.plist;
				LD_RUNPATH_SEARCH_PATHS = "$(inherited) @executable_path/Frameworks @loader_path/Frameworks";
				PRODUCT_BUNDLE_IDENTIFIER = appera.soundbuttonTests;
				PRODUCT_NAME = "$(TARGET_NAME)";
				SWIFT_VERSION = 3.0;
				TEST_HOST = "$(BUILT_PRODUCTS_DIR)/soundbutton.app/soundbutton";
			};
			name = Release;
		};
		B91FF7A51DE1F3A7004E4110 /* Debug */ = {
			isa = XCBuildConfiguration;
			buildSettings = {
				INFOPLIST_FILE = soundbuttonUITests/Info.plist;
				LD_RUNPATH_SEARCH_PATHS = "$(inherited) @executable_path/Frameworks @loader_path/Frameworks";
				PRODUCT_BUNDLE_IDENTIFIER = appera.soundbuttonUITests;
				PRODUCT_NAME = "$(TARGET_NAME)";
				SWIFT_VERSION = 3.0;
				TEST_TARGET_NAME = soundbutton;
				USES_XCTRUNNER = YES;
			};
			name = Debug;
		};
		B91FF7A61DE1F3A7004E4110 /* Release */ = {
			isa = XCBuildConfiguration;
			buildSettings = {
				INFOPLIST_FILE = soundbuttonUITests/Info.plist;
				LD_RUNPATH_SEARCH_PATHS = "$(inherited) @executable_path/Frameworks @loader_path/Frameworks";
				PRODUCT_BUNDLE_IDENTIFIER = appera.soundbuttonUITests;
				PRODUCT_NAME = "$(TARGET_NAME)";
				SWIFT_VERSION = 3.0;
				TEST_TARGET_NAME = soundbutton;
				USES_XCTRUNNER = YES;
			};
			name = Release;
		};
/* End XCBuildConfiguration section */

/* Begin XCConfigurationList section */
		B91FF7711DE1F3A7004E4110 /* Build configuration list for PBXProject "soundbutton" */ = {
			isa = XCConfigurationList;
			buildConfigurations = (
				B91FF79C1DE1F3A7004E4110 /* Debug */,
				B91FF79D1DE1F3A7004E4110 /* Release */,
			);
			defaultConfigurationIsVisible = 0;
			defaultConfigurationName = Release;
		};
		B91FF79E1DE1F3A7004E4110 /* Build configuration list for PBXNativeTarget "soundbutton" */ = {
			isa = XCConfigurationList;
			buildConfigurations = (
				B91FF79F1DE1F3A7004E4110 /* Debug */,
				B91FF7A01DE1F3A7004E4110 /* Release */,
			);
			defaultConfigurationIsVisible = 0;
			defaultConfigurationName = Release;
		};
		B91FF7A11DE1F3A7004E4110 /* Build configuration list for PBXNativeTarget "soundbuttonTests" */ = {
			isa = XCConfigurationList;
			buildConfigurations = (
				B91FF7A21DE1F3A7004E4110 /* Debug */,
				B91FF7A31DE1F3A7004E4110 /* Release */,
			);
			defaultConfigurationIsVisible = 0;
			defaultConfigurationName = Release;
		};
		B91FF7A41DE1F3A7004E4110 /* Build configuration list for PBXNativeTarget "soundbuttonUITests" */ = {
			isa = XCConfigurationList;
			buildConfigurations = (
				B91FF7A51DE1F3A7004E4110 /* Debug */,
				B91FF7A61DE1F3A7004E4110 /* Release */,
			);
			defaultConfigurationIsVisible = 0;
			defaultConfigurationName = Release;
		};
/* End XCConfigurationList section */
	};
	rootObject = B91FF76E1DE1F3A7004E4110 /* Project object */;
}
